{
  "version": 4,
  "terraform_version": "1.6.6",
  "serial": 76,
  "lineage": "59af1a1c-c860-21ab-84fb-af93fa9b4fb1",
  "outputs": {},
  "resources": [
    {
      "mode": "managed",
      "type": "azurerm_resource_group",
      "name": "BackEnd",
      "provider": "provider[\"registry.terraform.io/hashicorp/azurerm\"]",
      "instances": [
        {
          "schema_version": 0,
          "attributes": {
            "id": "/subscriptions/3dc2bec3-545f-4171-b8a3-b0253852f2f1/resourceGroups/BacktEnd",
            "location": "westus2",
            "name": "BacktEnd",
            "tags": {},
            "timeouts": null
          },
          "sensitive_attributes": [],
          "private": "eyJlMmJmYjczMC1lY2FhLTExZTYtOGY4OC0zNDM2M2JjN2M0YzAiOnsiY3JlYXRlIjo1NDAwMDAwMDAwMDAwLCJkZWxldGUiOjU0MDAwMDAwMDAwMDAsInJlYWQiOjMwMDAwMDAwMDAwMCwidXBkYXRlIjo1NDAwMDAwMDAwMDAwfX0="
        }
      ]
    },
    {
      "mode": "managed",
      "type": "azurerm_resource_group",
      "name": "FrontEnd",
      "provider": "provider[\"registry.terraform.io/hashicorp/azurerm\"]",
      "instances": [
        {
          "schema_version": 0,
          "attributes": {
            "id": "/subscriptions/3dc2bec3-545f-4171-b8a3-b0253852f2f1/resourceGroups/FrontEnd",
            "location": "westus2",
            "name": "FrontEnd",
            "tags": {},
            "timeouts": null
          },
          "sensitive_attributes": [],
          "private": "eyJlMmJmYjczMC1lY2FhLTExZTYtOGY4OC0zNDM2M2JjN2M0YzAiOnsiY3JlYXRlIjo1NDAwMDAwMDAwMDAwLCJkZWxldGUiOjU0MDAwMDAwMDAwMDAsInJlYWQiOjMwMDAwMDAwMDAwMCwidXBkYXRlIjo1NDAwMDAwMDAwMDAwfX0="
        }
      ]
    },
    {
      "mode": "managed",
      "type": "azurerm_resource_group",
      "name": "StrgDEV",
      "provider": "provider[\"registry.terraform.io/hashicorp/azurerm\"]",
      "instances": [
        {
          "schema_version": 0,
          "attributes": {
            "id": "/subscriptions/3dc2bec3-545f-4171-b8a3-b0253852f2f1/resourceGroups/StrgDEV",
            "location": "westeurope",
            "name": "StrgDEV",
            "tags": {},
            "timeouts": null
          },
          "sensitive_attributes": [],
          "private": "eyJlMmJmYjczMC1lY2FhLTExZTYtOGY4OC0zNDM2M2JjN2M0YzAiOnsiY3JlYXRlIjo1NDAwMDAwMDAwMDAwLCJkZWxldGUiOjU0MDAwMDAwMDAwMDAsInJlYWQiOjMwMDAwMDAwMDAwMCwidXBkYXRlIjo1NDAwMDAwMDAwMDAwfX0="
        }
      ]
    },
    {
      "mode": "managed",
      "type": "azurerm_resource_group",
      "name": "StrgHOM",
      "provider": "provider[\"registry.terraform.io/hashicorp/azurerm\"]",
      "instances": [
        {
          "schema_version": 0,
          "attributes": {
            "id": "/subscriptions/3dc2bec3-545f-4171-b8a3-b0253852f2f1/resourceGroups/StrgHOM",
            "location": "westeurope",
            "name": "StrgHOM",
            "tags": {},
            "timeouts": null
          },
          "sensitive_attributes": [],
          "private": "eyJlMmJmYjczMC1lY2FhLTExZTYtOGY4OC0zNDM2M2JjN2M0YzAiOnsiY3JlYXRlIjo1NDAwMDAwMDAwMDAwLCJkZWxldGUiOjU0MDAwMDAwMDAwMDAsInJlYWQiOjMwMDAwMDAwMDAwMCwidXBkYXRlIjo1NDAwMDAwMDAwMDAwfX0="
        }
      ]
    },
    {
      "mode": "managed",
      "type": "azurerm_resource_group",
      "name": "StrgPRD",
      "provider": "provider[\"registry.terraform.io/hashicorp/azurerm\"]",
      "instances": [
        {
          "schema_version": 0,
          "attributes": {
            "id": "/subscriptions/3dc2bec3-545f-4171-b8a3-b0253852f2f1/resourceGroups/StrgPRD",
            "location": "westeurope",
            "name": "StrgPRD",
            "tags": {},
            "timeouts": null
          },
          "sensitive_attributes": [],
          "private": "eyJlMmJmYjczMC1lY2FhLTExZTYtOGY4OC0zNDM2M2JjN2M0YzAiOnsiY3JlYXRlIjo1NDAwMDAwMDAwMDAwLCJkZWxldGUiOjU0MDAwMDAwMDAwMDAsInJlYWQiOjMwMDAwMDAwMDAwMCwidXBkYXRlIjo1NDAwMDAwMDAwMDAwfX0="
        }
      ]
    },
    {
      "mode": "managed",
      "type": "azurerm_resource_group",
      "name": "rgDEV",
      "provider": "provider[\"registry.terraform.io/hashicorp/azurerm\"]",
      "instances": [
        {
          "schema_version": 0,
          "attributes": {
            "id": "/subscriptions/3dc2bec3-545f-4171-b8a3-b0253852f2f1/resourceGroups/DEV",
            "location": "westus2",
            "name": "DEV",
            "tags": {},
            "timeouts": null
          },
          "sensitive_attributes": [],
          "private": "eyJlMmJmYjczMC1lY2FhLTExZTYtOGY4OC0zNDM2M2JjN2M0YzAiOnsiY3JlYXRlIjo1NDAwMDAwMDAwMDAwLCJkZWxldGUiOjU0MDAwMDAwMDAwMDAsInJlYWQiOjMwMDAwMDAwMDAwMCwidXBkYXRlIjo1NDAwMDAwMDAwMDAwfX0="
        }
      ]
    },
    {
      "mode": "managed",
      "type": "azurerm_resource_group",
      "name": "rgHOM",
      "provider": "provider[\"registry.terraform.io/hashicorp/azurerm\"]",
      "instances": [
        {
          "schema_version": 0,
          "attributes": {
            "id": "/subscriptions/3dc2bec3-545f-4171-b8a3-b0253852f2f1/resourceGroups/HOM",
            "location": "westus2",
            "name": "HOM",
            "tags": {},
            "timeouts": null
          },
          "sensitive_attributes": [],
          "private": "eyJlMmJmYjczMC1lY2FhLTExZTYtOGY4OC0zNDM2M2JjN2M0YzAiOnsiY3JlYXRlIjo1NDAwMDAwMDAwMDAwLCJkZWxldGUiOjU0MDAwMDAwMDAwMDAsInJlYWQiOjMwMDAwMDAwMDAwMCwidXBkYXRlIjo1NDAwMDAwMDAwMDAwfX0="
        }
      ]
    },
    {
      "mode": "managed",
      "type": "azurerm_resource_group",
      "name": "rgPROD",
      "provider": "provider[\"registry.terraform.io/hashicorp/azurerm\"]",
      "instances": [
        {
          "schema_version": 0,
          "attributes": {
            "id": "/subscriptions/3dc2bec3-545f-4171-b8a3-b0253852f2f1/resourceGroups/PRD",
            "location": "westus2",
            "name": "PRD",
            "tags": {},
            "timeouts": null
          },
          "sensitive_attributes": [],
          "private": "eyJlMmJmYjczMC1lY2FhLTExZTYtOGY4OC0zNDM2M2JjN2M0YzAiOnsiY3JlYXRlIjo1NDAwMDAwMDAwMDAwLCJkZWxldGUiOjU0MDAwMDAwMDAwMDAsInJlYWQiOjMwMDAwMDAwMDAwMCwidXBkYXRlIjo1NDAwMDAwMDAwMDAwfX0="
        }
      ]
    },
    {
      "mode": "managed",
      "type": "azurerm_storage_account",
      "name": "StrgACPRD",
      "provider": "provider[\"registry.terraform.io/hashicorp/azurerm\"]",
      "instances": [
        {
          "schema_version": 3,
          "attributes": {
            "access_tier": "Hot",
            "account_kind": "StorageV2",
            "account_replication_type": "GRS",
            "account_tier": "Standard",
            "allow_nested_items_to_be_public": true,
            "azure_files_authentication": [],
            "blob_properties": [
              {
                "change_feed_enabled": false,
                "container_delete_retention_policy": [],
                "cors_rule": [],
                "default_service_version": "",
                "delete_retention_policy": [],
                "last_access_time_enabled": false,
                "versioning_enabled": false
              }
            ],
            "custom_domain": [],
            "customer_managed_key": [],
            "edge_zone": "",
            "enable_https_traffic_only": true,
            "id": "/subscriptions/3dc2bec3-545f-4171-b8a3-b0253852f2f1/resourceGroups/StrgPRD/providers/Microsoft.Storage/storageAccounts/strgacprd",
            "identity": [],
            "infrastructure_encryption_enabled": false,
            "is_hns_enabled": false,
            "large_file_share_enabled": null,
            "location": "westeurope",
            "min_tls_version": "TLS1_2",
            "name": "strgacprd",
            "network_rules": [
              {
                "bypass": [
                  "AzureServices"
                ],
                "default_action": "Allow",
                "ip_rules": [],
                "private_link_access": [],
                "virtual_network_subnet_ids": []
              }
            ],
            "nfsv3_enabled": false,
            "primary_access_key": "oPI8Xxvsc0sn11SJ+4H7MBTZCpUEijeiZNR21KcvYD9FJ66Zcnjp5bQwQUiiqMum+6B+aYgc/y9i+AStrjX7iA==",
            "primary_blob_connection_string": "DefaultEndpointsProtocol=https;BlobEndpoint=https://strgacprd.blob.core.windows.net/;AccountName=strgacprd;AccountKey=oPI8Xxvsc0sn11SJ+4H7MBTZCpUEijeiZNR21KcvYD9FJ66Zcnjp5bQwQUiiqMum+6B+aYgc/y9i+AStrjX7iA==",
            "primary_blob_endpoint": "https://strgacprd.blob.core.windows.net/",
            "primary_blob_host": "strgacprd.blob.core.windows.net",
            "primary_connection_string": "DefaultEndpointsProtocol=https;AccountName=strgacprd;AccountKey=oPI8Xxvsc0sn11SJ+4H7MBTZCpUEijeiZNR21KcvYD9FJ66Zcnjp5bQwQUiiqMum+6B+aYgc/y9i+AStrjX7iA==;EndpointSuffix=core.windows.net",
            "primary_dfs_endpoint": "https://strgacprd.dfs.core.windows.net/",
            "primary_dfs_host": "strgacprd.dfs.core.windows.net",
            "primary_file_endpoint": "https://strgacprd.file.core.windows.net/",
            "primary_file_host": "strgacprd.file.core.windows.net",
            "primary_location": "westeurope",
            "primary_queue_endpoint": "https://strgacprd.queue.core.windows.net/",
            "primary_queue_host": "strgacprd.queue.core.windows.net",
            "primary_table_endpoint": "https://strgacprd.table.core.windows.net/",
            "primary_table_host": "strgacprd.table.core.windows.net",
            "primary_web_endpoint": "https://strgacprd.z6.web.core.windows.net/",
            "primary_web_host": "strgacprd.z6.web.core.windows.net",
            "queue_encryption_key_type": "Service",
            "queue_properties": [
              {
                "cors_rule": [],
                "hour_metrics": [
                  {
                    "enabled": true,
                    "include_apis": true,
                    "retention_policy_days": 7,
                    "version": "1.0"
                  }
                ],
                "logging": [
                  {
                    "delete": false,
                    "read": false,
                    "retention_policy_days": 0,
                    "version": "1.0",
                    "write": false
                  }
                ],
                "minute_metrics": [
                  {
                    "enabled": false,
                    "include_apis": false,
                    "retention_policy_days": 0,
                    "version": "1.0"
                  }
                ]
              }
            ],
            "resource_group_name": "StrgPRD",
            "routing": [],
            "secondary_access_key": "K4PJm+wOdiYUoCZ9eMMYdCYmojKlcz28/HpXbO2ayF3UmdEtqBUpjM1XAYnkLT5+UwilX20t+UX9+AStyYiR9w==",
            "secondary_blob_connection_string": "",
            "secondary_blob_endpoint": null,
            "secondary_blob_host": null,
            "secondary_connection_string": "DefaultEndpointsProtocol=https;AccountName=strgacprd;AccountKey=K4PJm+wOdiYUoCZ9eMMYdCYmojKlcz28/HpXbO2ayF3UmdEtqBUpjM1XAYnkLT5+UwilX20t+UX9+AStyYiR9w==;EndpointSuffix=core.windows.net",
            "secondary_dfs_endpoint": null,
            "secondary_dfs_host": null,
            "secondary_file_endpoint": null,
            "secondary_file_host": null,
            "secondary_location": "northeurope",
            "secondary_queue_endpoint": null,
            "secondary_queue_host": null,
            "secondary_table_endpoint": null,
            "secondary_table_host": null,
            "secondary_web_endpoint": null,
            "secondary_web_host": null,
            "share_properties": [
              {
                "cors_rule": [],
                "retention_policy": [
                  {
                    "days": 7
                  }
                ],
                "smb": []
              }
            ],
            "shared_access_key_enabled": true,
            "static_website": [],
            "table_encryption_key_type": "Service",
            "tags": {
              "environment": "staging"
            },
            "timeouts": null
          },
          "sensitive_attributes": [],
          "private": "eyJlMmJmYjczMC1lY2FhLTExZTYtOGY4OC0zNDM2M2JjN2M0YzAiOnsiY3JlYXRlIjozNjAwMDAwMDAwMDAwLCJkZWxldGUiOjM2MDAwMDAwMDAwMDAsInJlYWQiOjMwMDAwMDAwMDAwMCwidXBkYXRlIjozNjAwMDAwMDAwMDAwfSwic2NoZW1hX3ZlcnNpb24iOiIzIn0=",
          "dependencies": [
            "azurerm_resource_group.StrgPRD"
          ]
        }
      ]
    },
    {
      "mode": "managed",
      "type": "azurerm_storage_account",
      "name": "StrgDEV",
      "provider": "provider[\"registry.terraform.io/hashicorp/azurerm\"]",
      "instances": [
        {
          "schema_version": 3,
          "attributes": {
            "access_tier": "Hot",
            "account_kind": "StorageV2",
            "account_replication_type": "GRS",
            "account_tier": "Standard",
            "allow_nested_items_to_be_public": true,
            "azure_files_authentication": [],
            "blob_properties": [
              {
                "change_feed_enabled": false,
                "container_delete_retention_policy": [],
                "cors_rule": [],
                "default_service_version": "",
                "delete_retention_policy": [],
                "last_access_time_enabled": false,
                "versioning_enabled": false
              }
            ],
            "custom_domain": [],
            "customer_managed_key": [],
            "edge_zone": "",
            "enable_https_traffic_only": true,
            "id": "/subscriptions/3dc2bec3-545f-4171-b8a3-b0253852f2f1/resourceGroups/StrgDEV/providers/Microsoft.Storage/storageAccounts/storageacdevhbs",
            "identity": [],
            "infrastructure_encryption_enabled": false,
            "is_hns_enabled": false,
            "large_file_share_enabled": null,
            "location": "westeurope",
            "min_tls_version": "TLS1_2",
            "name": "storageacdevhbs",
            "network_rules": [
              {
                "bypass": [
                  "AzureServices"
                ],
                "default_action": "Allow",
                "ip_rules": [],
                "private_link_access": [],
                "virtual_network_subnet_ids": []
              }
            ],
            "nfsv3_enabled": false,
            "primary_access_key": "0e0hE8wmMUkkS0QBIIV2dmsl+i1VFT4bWz5vtcU0vLkVZ41Us1qND9bdugNVFpxNybDuTUbSwvrV+AStyEj3BQ==",
            "primary_blob_connection_string": "DefaultEndpointsProtocol=https;BlobEndpoint=https://storageacdevhbs.blob.core.windows.net/;AccountName=storageacdevhbs;AccountKey=0e0hE8wmMUkkS0QBIIV2dmsl+i1VFT4bWz5vtcU0vLkVZ41Us1qND9bdugNVFpxNybDuTUbSwvrV+AStyEj3BQ==",
            "primary_blob_endpoint": "https://storageacdevhbs.blob.core.windows.net/",
            "primary_blob_host": "storageacdevhbs.blob.core.windows.net",
            "primary_connection_string": "DefaultEndpointsProtocol=https;AccountName=storageacdevhbs;AccountKey=0e0hE8wmMUkkS0QBIIV2dmsl+i1VFT4bWz5vtcU0vLkVZ41Us1qND9bdugNVFpxNybDuTUbSwvrV+AStyEj3BQ==;EndpointSuffix=core.windows.net",
            "primary_dfs_endpoint": "https://storageacdevhbs.dfs.core.windows.net/",
            "primary_dfs_host": "storageacdevhbs.dfs.core.windows.net",
            "primary_file_endpoint": "https://storageacdevhbs.file.core.windows.net/",
            "primary_file_host": "storageacdevhbs.file.core.windows.net",
            "primary_location": "westeurope",
            "primary_queue_endpoint": "https://storageacdevhbs.queue.core.windows.net/",
            "primary_queue_host": "storageacdevhbs.queue.core.windows.net",
            "primary_table_endpoint": "https://storageacdevhbs.table.core.windows.net/",
            "primary_table_host": "storageacdevhbs.table.core.windows.net",
            "primary_web_endpoint": "https://storageacdevhbs.z6.web.core.windows.net/",
            "primary_web_host": "storageacdevhbs.z6.web.core.windows.net",
            "queue_encryption_key_type": "Service",
            "queue_properties": [
              {
                "cors_rule": [],
                "hour_metrics": [
                  {
                    "enabled": true,
                    "include_apis": true,
                    "retention_policy_days": 7,
                    "version": "1.0"
                  }
                ],
                "logging": [
                  {
                    "delete": false,
                    "read": false,
                    "retention_policy_days": 0,
                    "version": "1.0",
                    "write": false
                  }
                ],
                "minute_metrics": [
                  {
                    "enabled": false,
                    "include_apis": false,
                    "retention_policy_days": 0,
                    "version": "1.0"
                  }
                ]
              }
            ],
            "resource_group_name": "StrgDEV",
            "routing": [],
            "secondary_access_key": "SEkDHhzEFUUgU3V4xoGlmIen3vOu37n7XKRKAeR4h5y0g9v/G6pyR2+WyY2Y2esKgp6ciL9KOykK+AStmH3ZNw==",
            "secondary_blob_connection_string": "",
            "secondary_blob_endpoint": null,
            "secondary_blob_host": null,
            "secondary_connection_string": "DefaultEndpointsProtocol=https;AccountName=storageacdevhbs;AccountKey=SEkDHhzEFUUgU3V4xoGlmIen3vOu37n7XKRKAeR4h5y0g9v/G6pyR2+WyY2Y2esKgp6ciL9KOykK+AStmH3ZNw==;EndpointSuffix=core.windows.net",
            "secondary_dfs_endpoint": null,
            "secondary_dfs_host": null,
            "secondary_file_endpoint": null,
            "secondary_file_host": null,
            "secondary_location": "northeurope",
            "secondary_queue_endpoint": null,
            "secondary_queue_host": null,
            "secondary_table_endpoint": null,
            "secondary_table_host": null,
            "secondary_web_endpoint": null,
            "secondary_web_host": null,
            "share_properties": [
              {
                "cors_rule": [],
                "retention_policy": [
                  {
                    "days": 7
                  }
                ],
                "smb": []
              }
            ],
            "shared_access_key_enabled": true,
            "static_website": [],
            "table_encryption_key_type": "Service",
            "tags": {
              "environment": "staging"
            },
            "timeouts": null
          },
          "sensitive_attributes": [],
          "private": "eyJlMmJmYjczMC1lY2FhLTExZTYtOGY4OC0zNDM2M2JjN2M0YzAiOnsiY3JlYXRlIjozNjAwMDAwMDAwMDAwLCJkZWxldGUiOjM2MDAwMDAwMDAwMDAsInJlYWQiOjMwMDAwMDAwMDAwMCwidXBkYXRlIjozNjAwMDAwMDAwMDAwfSwic2NoZW1hX3ZlcnNpb24iOiIzIn0=",
          "dependencies": [
            "azurerm_resource_group.StrgDEV"
          ]
        }
      ]
    },
    {
      "mode": "managed",
      "type": "azurerm_storage_account",
      "name": "StrgHOM",
      "provider": "provider[\"registry.terraform.io/hashicorp/azurerm\"]",
      "instances": [
        {
          "schema_version": 3,
          "attributes": {
            "access_tier": "Hot",
            "account_kind": "StorageV2",
            "account_replication_type": "GRS",
            "account_tier": "Standard",
            "allow_nested_items_to_be_public": true,
            "azure_files_authentication": [],
            "blob_properties": [
              {
                "change_feed_enabled": false,
                "container_delete_retention_policy": [],
                "cors_rule": [],
                "default_service_version": "",
                "delete_retention_policy": [],
                "last_access_time_enabled": false,
                "versioning_enabled": false
              }
            ],
            "custom_domain": [],
            "customer_managed_key": [],
            "edge_zone": "",
            "enable_https_traffic_only": true,
            "id": "/subscriptions/3dc2bec3-545f-4171-b8a3-b0253852f2f1/resourceGroups/StrgHOM/providers/Microsoft.Storage/storageAccounts/storageachom",
            "identity": [],
            "infrastructure_encryption_enabled": false,
            "is_hns_enabled": false,
            "large_file_share_enabled": null,
            "location": "westeurope",
            "min_tls_version": "TLS1_2",
            "name": "storageachom",
            "network_rules": [
              {
                "bypass": [
                  "AzureServices"
                ],
                "default_action": "Allow",
                "ip_rules": [],
                "private_link_access": [],
                "virtual_network_subnet_ids": []
              }
            ],
            "nfsv3_enabled": false,
            "primary_access_key": "kthVj63KpNVovuG4a5ifNax3jsZvMZUI+dbZo5j2DU8ttQsXa9GnRFb9I9AhIo6Zm3oYzyWneUaA+AStgQm7Tg==",
            "primary_blob_connection_string": "DefaultEndpointsProtocol=https;BlobEndpoint=https://storageachom.blob.core.windows.net/;AccountName=storageachom;AccountKey=kthVj63KpNVovuG4a5ifNax3jsZvMZUI+dbZo5j2DU8ttQsXa9GnRFb9I9AhIo6Zm3oYzyWneUaA+AStgQm7Tg==",
            "primary_blob_endpoint": "https://storageachom.blob.core.windows.net/",
            "primary_blob_host": "storageachom.blob.core.windows.net",
            "primary_connection_string": "DefaultEndpointsProtocol=https;AccountName=storageachom;AccountKey=kthVj63KpNVovuG4a5ifNax3jsZvMZUI+dbZo5j2DU8ttQsXa9GnRFb9I9AhIo6Zm3oYzyWneUaA+AStgQm7Tg==;EndpointSuffix=core.windows.net",
            "primary_dfs_endpoint": "https://storageachom.dfs.core.windows.net/",
            "primary_dfs_host": "storageachom.dfs.core.windows.net",
            "primary_file_endpoint": "https://storageachom.file.core.windows.net/",
            "primary_file_host": "storageachom.file.core.windows.net",
            "primary_location": "westeurope",
            "primary_queue_endpoint": "https://storageachom.queue.core.windows.net/",
            "primary_queue_host": "storageachom.queue.core.windows.net",
            "primary_table_endpoint": "https://storageachom.table.core.windows.net/",
            "primary_table_host": "storageachom.table.core.windows.net",
            "primary_web_endpoint": "https://storageachom.z6.web.core.windows.net/",
            "primary_web_host": "storageachom.z6.web.core.windows.net",
            "queue_encryption_key_type": "Service",
            "queue_properties": [
              {
                "cors_rule": [],
                "hour_metrics": [
                  {
                    "enabled": true,
                    "include_apis": true,
                    "retention_policy_days": 7,
                    "version": "1.0"
                  }
                ],
                "logging": [
                  {
                    "delete": false,
                    "read": false,
                    "retention_policy_days": 0,
                    "version": "1.0",
                    "write": false
                  }
                ],
                "minute_metrics": [
                  {
                    "enabled": false,
                    "include_apis": false,
                    "retention_policy_days": 0,
                    "version": "1.0"
                  }
                ]
              }
            ],
            "resource_group_name": "StrgHOM",
            "routing": [],
            "secondary_access_key": "gknPLJ43ljY4kluXAmm2wBQunmcamtIjgPG6Em10dR6LgHHwwfUDGpRgfe5ANCrSE2GVFhJIbe5f+AStm+0y6Q==",
            "secondary_blob_connection_string": "",
            "secondary_blob_endpoint": null,
            "secondary_blob_host": null,
            "secondary_connection_string": "DefaultEndpointsProtocol=https;AccountName=storageachom;AccountKey=gknPLJ43ljY4kluXAmm2wBQunmcamtIjgPG6Em10dR6LgHHwwfUDGpRgfe5ANCrSE2GVFhJIbe5f+AStm+0y6Q==;EndpointSuffix=core.windows.net",
            "secondary_dfs_endpoint": null,
            "secondary_dfs_host": null,
            "secondary_file_endpoint": null,
            "secondary_file_host": null,
            "secondary_location": "northeurope",
            "secondary_queue_endpoint": null,
            "secondary_queue_host": null,
            "secondary_table_endpoint": null,
            "secondary_table_host": null,
            "secondary_web_endpoint": null,
            "secondary_web_host": null,
            "share_properties": [
              {
                "cors_rule": [],
                "retention_policy": [
                  {
                    "days": 7
                  }
                ],
                "smb": []
              }
            ],
            "shared_access_key_enabled": true,
            "static_website": [],
            "table_encryption_key_type": "Service",
            "tags": {
              "environment": "staging"
            },
            "timeouts": null
          },
          "sensitive_attributes": [],
          "private": "eyJlMmJmYjczMC1lY2FhLTExZTYtOGY4OC0zNDM2M2JjN2M0YzAiOnsiY3JlYXRlIjozNjAwMDAwMDAwMDAwLCJkZWxldGUiOjM2MDAwMDAwMDAwMDAsInJlYWQiOjMwMDAwMDAwMDAwMCwidXBkYXRlIjozNjAwMDAwMDAwMDAwfSwic2NoZW1hX3ZlcnNpb24iOiIzIn0=",
          "dependencies": [
            "azurerm_resource_group.StrgHOM"
          ]
        }
      ]
    }
  ],
  "check_results": null
}
